
Microsoft Visual Studio Solution File, Format Version 12.00
# Visual Studio Version 16
VisualStudioVersion = 16.0.32630.194
MinimumVisualStudioVersion = 10.0.40219.1
Project("{FAE04EC0-301F-11D3-BF4B-00C04F79EFBC}") = "zadanie3", "zadanie3\zadanie3.csproj", "{4DE3915F-AF35-4273-A344-92C74ECF0500}"
EndProject
Global
	GlobalSection(SolutionConfigurationPlatforms) = preSolution
		Debug|Any CPU = Debug|Any CPU
		Release|Any CPU = Release|Any CPU
	EndGlobalSection
	GlobalSection(ProjectConfigurationPlatforms) = postSolution
		{4DE3915F-AF35-4273-A344-92C74ECF0500}.Debug|Any CPU.ActiveCfg = Debug|Any CPU
		{4DE3915F-AF35-4273-A344-92C74ECF0500}.Debug|Any CPU.Build.0 = Debug|Any CPU
		{4DE3915F-AF35-4273-A344-92C74ECF0500}.Release|Any CPU.ActiveCfg = Release|Any CPU
		{4DE3915F-AF35-4273-A344-92C74ECF0500}.Release|Any CPU.Build.0 = Release|Any CPU
	EndGlobalSection
	GlobalSection(SolutionProperties) = preSolution
		HideSolutionNode = FALSE
	EndGlobalSection
	GlobalSection(ExtensibilityGlobals) = postSolution
		SolutionGuid = {F3B82796-0BFC-4836-B819-1A08889763E9}
	EndGlobalSection
EndGlobal
